
Microsoft Visual Studio Solution File, Format Version 12.00
# Visual Studio Version 17
VisualStudioVersion = 17.14.36414.22
MinimumVisualStudioVersion = 10.0.40219.1
Project("{FAE04EC0-301F-11D3-BF4B-00C04F79EFBC}") = "PropertyManager.API", "PropertyManager.API\PropertyManager.API.csproj", "{4DE2CCF5-E039-CDB2-14A1-F66D8E0B6185}"
EndProject
Project("{FAE04EC0-301F-11D3-BF4B-00C04F79EFBC}") = "PropertyManager.Data", "PropertyManager.Data\PropertyManager.Data.csproj", "{B0A89AA3-8CE2-34E6-4381-0642934BFCF6}"
EndProject
Project("{FAE04EC0-301F-11D3-BF4B-00C04F79EFBC}") = "PropertyManager.WEB", "PropertyManager.WEB\PropertyManager.WEB.csproj", "{74B26426-1BC7-43BC-8971-9DA415CC0754}"
EndProject
Project("{FAE04EC0-301F-11D3-BF4B-00C04F79EFBC}") = "PropertyManager.Domain", "PropertyManager.Domain\PropertyManager.Domain.csproj", "{23196449-2D2B-498D-8D8E-A5F4DE7AC029}"
EndProject
Project("{FAE04EC0-301F-11D3-BF4B-00C04F79EFBC}") = "PropertyManager.Application", "PropertyManager.Application\PropertyManager.Application.csproj", "{8F29B415-EB80-4C28-BF36-3DF1FBF0CF70}"
EndProject
Global
	GlobalSection(SolutionConfigurationPlatforms) = preSolution
		Debug|Any CPU = Debug|Any CPU
		Release|Any CPU = Release|Any CPU
	EndGlobalSection
	GlobalSection(ProjectConfigurationPlatforms) = postSolution
		{4DE2CCF5-E039-CDB2-14A1-F66D8E0B6185}.Debug|Any CPU.ActiveCfg = Debug|Any CPU
		{4DE2CCF5-E039-CDB2-14A1-F66D8E0B6185}.Debug|Any CPU.Build.0 = Debug|Any CPU
		{4DE2CCF5-E039-CDB2-14A1-F66D8E0B6185}.Release|Any CPU.ActiveCfg = Release|Any CPU
		{4DE2CCF5-E039-CDB2-14A1-F66D8E0B6185}.Release|Any CPU.Build.0 = Release|Any CPU
		{B0A89AA3-8CE2-34E6-4381-0642934BFCF6}.Debug|Any CPU.ActiveCfg = Debug|Any CPU
		{B0A89AA3-8CE2-34E6-4381-0642934BFCF6}.Debug|Any CPU.Build.0 = Debug|Any CPU
		{B0A89AA3-8CE2-34E6-4381-0642934BFCF6}.Release|Any CPU.ActiveCfg = Release|Any CPU
		{B0A89AA3-8CE2-34E6-4381-0642934BFCF6}.Release|Any CPU.Build.0 = Release|Any CPU
		{74B26426-1BC7-43BC-8971-9DA415CC0754}.Debug|Any CPU.ActiveCfg = Debug|Any CPU
		{74B26426-1BC7-43BC-8971-9DA415CC0754}.Debug|Any CPU.Build.0 = Debug|Any CPU
		{74B26426-1BC7-43BC-8971-9DA415CC0754}.Release|Any CPU.ActiveCfg = Release|Any CPU
		{74B26426-1BC7-43BC-8971-9DA415CC0754}.Release|Any CPU.Build.0 = Release|Any CPU
		{23196449-2D2B-498D-8D8E-A5F4DE7AC029}.Debug|Any CPU.ActiveCfg = Debug|Any CPU
		{23196449-2D2B-498D-8D8E-A5F4DE7AC029}.Debug|Any CPU.Build.0 = Debug|Any CPU
		{23196449-2D2B-498D-8D8E-A5F4DE7AC029}.Release|Any CPU.ActiveCfg = Release|Any CPU
		{23196449-2D2B-498D-8D8E-A5F4DE7AC029}.Release|Any CPU.Build.0 = Release|Any CPU
		{8F29B415-EB80-4C28-BF36-3DF1FBF0CF70}.Debug|Any CPU.ActiveCfg = Debug|Any CPU
		{8F29B415-EB80-4C28-BF36-3DF1FBF0CF70}.Debug|Any CPU.Build.0 = Debug|Any CPU
		{8F29B415-EB80-4C28-BF36-3DF1FBF0CF70}.Release|Any CPU.ActiveCfg = Release|Any CPU
		{8F29B415-EB80-4C28-BF36-3DF1FBF0CF70}.Release|Any CPU.Build.0 = Release|Any CPU
	EndGlobalSection
	GlobalSection(SolutionProperties) = preSolution
		HideSolutionNode = FALSE
	EndGlobalSection
	GlobalSection(ExtensibilityGlobals) = postSolution
		SolutionGuid = {F4582406-B9A4-45F2-965E-0D02A00C3BC0}
	EndGlobalSection
EndGlobal
